
Microsoft Visual Studio Solution File, Format Version 12.00
# Visual Studio Version 16
VisualStudioVersion = 16.0.31829.152
MinimumVisualStudioVersion = 10.0.40219.1
Project("{FAE04EC0-301F-11D3-BF4B-00C04F79EFBC}") = "Lab16_Labovkin", "Lab16_Labovkin\Lab16_Labovkin.csproj", "{E92646A2-B777-4E35-A625-6BE166EAFE6E}"
EndProject
Project("{FAE04EC0-301F-11D3-BF4B-00C04F79EFBC}") = "Lab16_Labovkin1", "Lab16_Labovkin1\Lab16_Labovkin1.csproj", "{6E5FF7B1-C9BC-4D6C-8FDE-9999CB171CA7}"
EndProject
Global
	GlobalSection(SolutionConfigurationPlatforms) = preSolution
		Debug|Any CPU = Debug|Any CPU
		Release|Any CPU = Release|Any CPU
	EndGlobalSection
	GlobalSection(ProjectConfigurationPlatforms) = postSolution
		{E92646A2-B777-4E35-A625-6BE166EAFE6E}.Debug|Any CPU.ActiveCfg = Debug|Any CPU
		{E92646A2-B777-4E35-A625-6BE166EAFE6E}.Debug|Any CPU.Build.0 = Debug|Any CPU
		{E92646A2-B777-4E35-A625-6BE166EAFE6E}.Release|Any CPU.ActiveCfg = Release|Any CPU
		{E92646A2-B777-4E35-A625-6BE166EAFE6E}.Release|Any CPU.Build.0 = Release|Any CPU
		{6E5FF7B1-C9BC-4D6C-8FDE-9999CB171CA7}.Debug|Any CPU.ActiveCfg = Debug|Any CPU
		{6E5FF7B1-C9BC-4D6C-8FDE-9999CB171CA7}.Debug|Any CPU.Build.0 = Debug|Any CPU
		{6E5FF7B1-C9BC-4D6C-8FDE-9999CB171CA7}.Release|Any CPU.ActiveCfg = Release|Any CPU
		{6E5FF7B1-C9BC-4D6C-8FDE-9999CB171CA7}.Release|Any CPU.Build.0 = Release|Any CPU
	EndGlobalSection
	GlobalSection(SolutionProperties) = preSolution
		HideSolutionNode = FALSE
	EndGlobalSection
	GlobalSection(ExtensibilityGlobals) = postSolution
		SolutionGuid = {FA3CAE7F-9782-4015-9DBA-8A56A5793331}
	EndGlobalSection
EndGlobal
